// !$*UTF8*$!
{
	archiveVersion = 1;
	classes = {
	};
	objectVersion = 48;
	objects = {

/* Begin PBXBuildFile section */
		0F05CC1C20B0545C00B0F0C9 /* engine.cc in Sources */ = {isa = PBXBuildFile; fileRef = 0F05CC1B20B0545C00B0F0C9 /* engine.cc */; };
		0F05CC2220B056A000B0F0C9 /* random.cc in Sources */ = {isa = PBXBuildFile; fileRef = 0F05CC2120B056A000B0F0C9 /* random.cc */; };
		0F05CC2420B056DA00B0F0C9 /* commandline.cc in Sources */ = {isa = PBXBuildFile; fileRef = 0F05CC2320B056DA00B0F0C9 /* commandline.cc */; };
		0F05CC2720B0573600B0F0C9 /* analyzer.cc in Sources */ = {isa = PBXBuildFile; fileRef = 0F05CC2520B0573600B0F0C9 /* analyzer.cc */; };
		0F05CC2820B0573600B0F0C9 /* table.cc in Sources */ = {isa = PBXBuildFile; fileRef = 0F05CC2620B0573600B0F0C9 /* table.cc */; };
		0F05CC3520B057A600B0F0C9 /* uciloop.cc in Sources */ = {isa = PBXBuildFile; fileRef = 0F05CC2B20B057A500B0F0C9 /* uciloop.cc */; };
		0F05CC3620B057A600B0F0C9 /* position.cc in Sources */ = {isa = PBXBuildFile; fileRef = 0F05CC2E20B057A600B0F0C9 /* position.cc */; };
		0F05CC3720B057A600B0F0C9 /* bitboard.cc in Sources */ = {isa = PBXBuildFile; fileRef = 0F05CC3120B057A600B0F0C9 /* bitboard.cc */; };
		0F05CC3820B057A600B0F0C9 /* board.cc in Sources */ = {isa = PBXBuildFile; fileRef = 0F05CC3220B057A600B0F0C9 /* board.cc */; };
		0F05CC5020B0591400B0F0C9 /* filesystem.posix.cc in Sources */ = {isa = PBXBuildFile; fileRef = 0F05CC3B20B0591300B0F0C9 /* filesystem.posix.cc */; };
		0F05CC5220B0591400B0F0C9 /* optionsdict.cc in Sources */ = {isa = PBXBuildFile; fileRef = 0F05CC3F20B0591300B0F0C9 /* optionsdict.cc */; };
		0F05CC5420B0591400B0F0C9 /* string.cc in Sources */ = {isa = PBXBuildFile; fileRef = 0F05CC4820B0591300B0F0C9 /* string.cc */; };
		0F05CC5520B0591400B0F0C9 /* transpose.cc in Sources */ = {isa = PBXBuildFile; fileRef = 0F05CC4A20B0591400B0F0C9 /* transpose.cc */; };
		0F05CC5620B0591400B0F0C9 /* optionsparser.cc in Sources */ = {isa = PBXBuildFile; fileRef = 0F05CC4C20B0591400B0F0C9 /* optionsparser.cc */; };
		0F05CC6720B0598300B0F0C9 /* writer.cc in Sources */ = {isa = PBXBuildFile; fileRef = 0F05CC5920B0598200B0F0C9 /* writer.cc */; };
		0F05CC6820B0598300B0F0C9 /* loader.cc in Sources */ = {isa = PBXBuildFile; fileRef = 0F05CC5B20B0598200B0F0C9 /* loader.cc */; };
		0F05CC6A20B0598300B0F0C9 /* encoder.cc in Sources */ = {isa = PBXBuildFile; fileRef = 0F05CC5D20B0598200B0F0C9 /* encoder.cc */; };
		0F05CC6B20B0598300B0F0C9 /* network_mux.cc in Sources */ = {isa = PBXBuildFile; fileRef = 0F05CC5F20B0598200B0F0C9 /* network_mux.cc */; };
		0F05CC6C20B0598300B0F0C9 /* factory.cc in Sources */ = {isa = PBXBuildFile; fileRef = 0F05CC6120B0598200B0F0C9 /* factory.cc */; };
		0F05CC6D20B0598300B0F0C9 /* network_random.cc in Sources */ = {isa = PBXBuildFile; fileRef = 0F05CC6220B0598200B0F0C9 /* network_random.cc */; };
		0F05CC6E20B0598300B0F0C9 /* cache.cc in Sources */ = {isa = PBXBuildFile; fileRef = 0F05CC6320B0598200B0F0C9 /* cache.cc */; };
		0F05CC7420B05A0400B0F0C9 /* node.cc in Sources */ = {isa = PBXBuildFile; fileRef = 0F05CC7120B05A0400B0F0C9 /* node.cc */; };
		0F05CC7520B05A0400B0F0C9 /* search.cc in Sources */ = {isa = PBXBuildFile; fileRef = 0F05CC7220B05A0400B0F0C9 /* search.cc */; };
		0F05CC7D20B05A4600B0F0C9 /* loop.cc in Sources */ = {isa = PBXBuildFile; fileRef = 0F05CC7820B05A4500B0F0C9 /* loop.cc */; };
		0F05CC7E20B05A4600B0F0C9 /* tournament.cc in Sources */ = {isa = PBXBuildFile; fileRef = 0F05CC7920B05A4500B0F0C9 /* tournament.cc */; };
		0F05CC7F20B05A4600B0F0C9 /* game.cc in Sources */ = {isa = PBXBuildFile; fileRef = 0F05CC7B20B05A4500B0F0C9 /* game.cc */; };
		0F05CC8220B05BE800B0F0C9 /* network_opencl.cc in Sources */ = {isa = PBXBuildFile; fileRef = 0F05CC8020B05BE800B0F0C9 /* network_opencl.cc */; };
		0F05CC8720B0A17400B0F0C9 /* OpenCL.cc in Sources */ = {isa = PBXBuildFile; fileRef = 0F05CC8520B0A17400B0F0C9 /* OpenCL.cc */; };
		0F05CC8D20B0A76B00B0F0C9 /* OpenCLUtils.cc in Sources */ = {isa = PBXBuildFile; fileRef = 0F05CC8A20B0A76B00B0F0C9 /* OpenCLUtils.cc */; };
		0F05CC9020B0AAC800B0F0C9 /* OpenCLTuner.cc in Sources */ = {isa = PBXBuildFile; fileRef = 0F05CC8F20B0AAC800B0F0C9 /* OpenCLTuner.cc */; };
		0F05CC9720B0B42700B0F0C9 /* OpenCL.framework in Frameworks */ = {isa = PBXBuildFile; fileRef = 0F05CC9620B0B42700B0F0C9 /* OpenCL.framework */; };
		0F05CC9920B0B5D000B0F0C9 /* Accelerate.framework in Frameworks */ = {isa = PBXBuildFile; fileRef = 0F05CC9820B0B5D000B0F0C9 /* Accelerate.framework */; };
		0F31155420B750A3004F3847 /* libz.tbd in Frameworks */ = {isa = PBXBuildFile; fileRef = 0F31155320B750A3004F3847 /* libz.tbd */; };
		0F6B309E20B042D400990C71 /* main.cc in Sources */ = {isa = PBXBuildFile; fileRef = 0F6B309D20B042D400990C71 /* main.cc */; };
/* End PBXBuildFile section */

/* Begin PBXCopyFilesBuildPhase section */
		0F6B309820B042D400990C71 /* CopyFiles */ = {
			isa = PBXCopyFilesBuildPhase;
			buildActionMask = 2147483647;
			dstPath = /usr/share/man/man1/;
			dstSubfolderSpec = 0;
			files = (
			);
			runOnlyForDeploymentPostprocessing = 1;
		};
/* End PBXCopyFilesBuildPhase section */

/* Begin PBXFileReference section */
		0F05CC1B20B0545C00B0F0C9 /* engine.cc */ = {isa = PBXFileReference; fileEncoding = 4; lastKnownFileType = sourcecode.cpp.cpp; path = engine.cc; sourceTree = "<group>"; };
		0F05CC2120B056A000B0F0C9 /* random.cc */ = {isa = PBXFileReference; fileEncoding = 4; lastKnownFileType = sourcecode.cpp.cpp; path = random.cc; sourceTree = "<group>"; };
		0F05CC2320B056DA00B0F0C9 /* commandline.cc */ = {isa = PBXFileReference; fileEncoding = 4; lastKnownFileType = sourcecode.cpp.cpp; path = commandline.cc; sourceTree = "<group>"; };
		0F05CC2520B0573600B0F0C9 /* analyzer.cc */ = {isa = PBXFileReference; fileEncoding = 4; lastKnownFileType = sourcecode.cpp.cpp; path = analyzer.cc; sourceTree = "<group>"; };
		0F05CC2620B0573600B0F0C9 /* table.cc */ = {isa = PBXFileReference; fileEncoding = 4; lastKnownFileType = sourcecode.cpp.cpp; path = table.cc; sourceTree = "<group>"; };
		0F05CC2920B0576500B0F0C9 /* transpose.h */ = {isa = PBXFileReference; fileEncoding = 4; lastKnownFileType = sourcecode.c.h; path = transpose.h; sourceTree = "<group>"; };
		0F05CC2B20B057A500B0F0C9 /* uciloop.cc */ = {isa = PBXFileReference; fileEncoding = 4; lastKnownFileType = sourcecode.cpp.cpp; path = uciloop.cc; sourceTree = "<group>"; };
		0F05CC2C20B057A600B0F0C9 /* callbacks.h */ = {isa = PBXFileReference; fileEncoding = 4; lastKnownFileType = sourcecode.c.h; path = callbacks.h; sourceTree = "<group>"; };
		0F05CC2D20B057A600B0F0C9 /* uciloop.h */ = {isa = PBXFileReference; fileEncoding = 4; lastKnownFileType = sourcecode.c.h; path = uciloop.h; sourceTree = "<group>"; };
		0F05CC2E20B057A600B0F0C9 /* position.cc */ = {isa = PBXFileReference; fileEncoding = 4; lastKnownFileType = sourcecode.cpp.cpp; path = position.cc; sourceTree = "<group>"; };
		0F05CC2F20B057A600B0F0C9 /* bitboard.h */ = {isa = PBXFileReference; fileEncoding = 4; lastKnownFileType = sourcecode.c.h; path = bitboard.h; sourceTree = "<group>"; };
		0F05CC3020B057A600B0F0C9 /* board.h */ = {isa = PBXFileReference; fileEncoding = 4; lastKnownFileType = sourcecode.c.h; path = board.h; sourceTree = "<group>"; };
		0F05CC3120B057A600B0F0C9 /* bitboard.cc */ = {isa = PBXFileReference; fileEncoding = 4; lastKnownFileType = sourcecode.cpp.cpp; path = bitboard.cc; sourceTree = "<group>"; };
		0F05CC3220B057A600B0F0C9 /* board.cc */ = {isa = PBXFileReference; fileEncoding = 4; lastKnownFileType = sourcecode.cpp.cpp; path = board.cc; sourceTree = "<group>"; };
		0F05CC3420B057A600B0F0C9 /* position.h */ = {isa = PBXFileReference; fileEncoding = 4; lastKnownFileType = sourcecode.c.h; path = position.h; sourceTree = "<group>"; };
		0F05CC3A20B0591300B0F0C9 /* string.h */ = {isa = PBXFileReference; fileEncoding = 4; lastKnownFileType = sourcecode.c.h; path = string.h; sourceTree = "<group>"; };
		0F05CC3B20B0591300B0F0C9 /* filesystem.posix.cc */ = {isa = PBXFileReference; fileEncoding = 4; lastKnownFileType = sourcecode.cpp.cpp; path = filesystem.posix.cc; sourceTree = "<group>"; };
		0F05CC3C20B0591300B0F0C9 /* commandline.h */ = {isa = PBXFileReference; fileEncoding = 4; lastKnownFileType = sourcecode.c.h; path = commandline.h; sourceTree = "<group>"; };
		0F05CC3E20B0591300B0F0C9 /* hashcat.h */ = {isa = PBXFileReference; fileEncoding = 4; lastKnownFileType = sourcecode.c.h; path = hashcat.h; sourceTree = "<group>"; };
		0F05CC3F20B0591300B0F0C9 /* optionsdict.cc */ = {isa = PBXFileReference; fileEncoding = 4; lastKnownFileType = sourcecode.cpp.cpp; path = optionsdict.cc; sourceTree = "<group>"; };
		0F05CC4020B0591300B0F0C9 /* cppattributes.h */ = {isa = PBXFileReference; fileEncoding = 4; lastKnownFileType = sourcecode.c.h; path = cppattributes.h; sourceTree = "<group>"; };
		0F05CC4120B0591300B0F0C9 /* bititer.h */ = {isa = PBXFileReference; fileEncoding = 4; lastKnownFileType = sourcecode.c.h; path = bititer.h; sourceTree = "<group>"; };
		0F05CC4220B0591300B0F0C9 /* mutex.h */ = {isa = PBXFileReference; fileEncoding = 4; lastKnownFileType = sourcecode.c.h; path = mutex.h; sourceTree = "<group>"; };
		0F05CC4320B0591300B0F0C9 /* exception.h */ = {isa = PBXFileReference; fileEncoding = 4; lastKnownFileType = sourcecode.c.h; path = exception.h; sourceTree = "<group>"; };
		0F05CC4520B0591300B0F0C9 /* optional.h */ = {isa = PBXFileReference; fileEncoding = 4; lastKnownFileType = sourcecode.c.h; path = optional.h; sourceTree = "<group>"; };
		0F05CC4620B0591300B0F0C9 /* optionsdict.h */ = {isa = PBXFileReference; fileEncoding = 4; lastKnownFileType = sourcecode.c.h; path = optionsdict.h; sourceTree = "<group>"; };
		0F05CC4720B0591300B0F0C9 /* smallarray.h */ = {isa = PBXFileReference; fileEncoding = 4; lastKnownFileType = sourcecode.c.h; path = smallarray.h; sourceTree = "<group>"; };
		0F05CC4820B0591300B0F0C9 /* string.cc */ = {isa = PBXFileReference; fileEncoding = 4; lastKnownFileType = sourcecode.cpp.cpp; path = string.cc; sourceTree = "<group>"; };
		0F05CC4920B0591400B0F0C9 /* cache-old.h */ = {isa = PBXFileReference; fileEncoding = 4; lastKnownFileType = sourcecode.c.h; path = "cache-old.h"; sourceTree = "<group>"; };
		0F05CC4A20B0591400B0F0C9 /* transpose.cc */ = {isa = PBXFileReference; fileEncoding = 4; lastKnownFileType = sourcecode.cpp.cpp; path = transpose.cc; sourceTree = "<group>"; };
		0F05CC4B20B0591400B0F0C9 /* cache.h */ = {isa = PBXFileReference; fileEncoding = 4; lastKnownFileType = sourcecode.c.h; path = cache.h; sourceTree = "<group>"; };
		0F05CC4C20B0591400B0F0C9 /* optionsparser.cc */ = {isa = PBXFileReference; fileEncoding = 4; lastKnownFileType = sourcecode.cpp.cpp; path = optionsparser.cc; sourceTree = "<group>"; };
		0F05CC4D20B0591400B0F0C9 /* optionsparser.h */ = {isa = PBXFileReference; fileEncoding = 4; lastKnownFileType = sourcecode.c.h; path = optionsparser.h; sourceTree = "<group>"; };
		0F05CC4E20B0591400B0F0C9 /* filesystem.h */ = {isa = PBXFileReference; fileEncoding = 4; lastKnownFileType = sourcecode.c.h; path = filesystem.h; sourceTree = "<group>"; };
		0F05CC4F20B0591400B0F0C9 /* random.h */ = {isa = PBXFileReference; fileEncoding = 4; lastKnownFileType = sourcecode.c.h; path = random.h; sourceTree = "<group>"; };
		0F05CC5820B0598200B0F0C9 /* cache.h */ = {isa = PBXFileReference; fileEncoding = 4; lastKnownFileType = sourcecode.c.h; path = cache.h; sourceTree = "<group>"; };
		0F05CC5920B0598200B0F0C9 /* writer.cc */ = {isa = PBXFileReference; fileEncoding = 4; lastKnownFileType = sourcecode.cpp.cpp; path = writer.cc; sourceTree = "<group>"; };
		0F05CC5A20B0598200B0F0C9 /* encoder.h */ = {isa = PBXFileReference; fileEncoding = 4; lastKnownFileType = sourcecode.c.h; path = encoder.h; sourceTree = "<group>"; };
		0F05CC5B20B0598200B0F0C9 /* loader.cc */ = {isa = PBXFileReference; fileEncoding = 4; lastKnownFileType = sourcecode.cpp.cpp; path = loader.cc; sourceTree = "<group>"; };
		0F05CC5D20B0598200B0F0C9 /* encoder.cc */ = {isa = PBXFileReference; fileEncoding = 4; lastKnownFileType = sourcecode.cpp.cpp; path = encoder.cc; sourceTree = "<group>"; };
		0F05CC5E20B0598200B0F0C9 /* loader.h */ = {isa = PBXFileReference; fileEncoding = 4; lastKnownFileType = sourcecode.c.h; path = loader.h; sourceTree = "<group>"; };
		0F05CC5F20B0598200B0F0C9 /* network_mux.cc */ = {isa = PBXFileReference; fileEncoding = 4; lastKnownFileType = sourcecode.cpp.cpp; path = network_mux.cc; sourceTree = "<group>"; };
		0F05CC6020B0598200B0F0C9 /* factory.h */ = {isa = PBXFileReference; fileEncoding = 4; lastKnownFileType = sourcecode.c.h; path = factory.h; sourceTree = "<group>"; };
		0F05CC6120B0598200B0F0C9 /* factory.cc */ = {isa = PBXFileReference; fileEncoding = 4; lastKnownFileType = sourcecode.cpp.cpp; path = factory.cc; sourceTree = "<group>"; };
		0F05CC6220B0598200B0F0C9 /* network_random.cc */ = {isa = PBXFileReference; fileEncoding = 4; lastKnownFileType = sourcecode.cpp.cpp; path = network_random.cc; sourceTree = "<group>"; };
		0F05CC6320B0598200B0F0C9 /* cache.cc */ = {isa = PBXFileReference; fileEncoding = 4; lastKnownFileType = sourcecode.cpp.cpp; path = cache.cc; sourceTree = "<group>"; };
		0F05CC6420B0598200B0F0C9 /* writer.h */ = {isa = PBXFileReference; fileEncoding = 4; lastKnownFileType = sourcecode.c.h; path = writer.h; sourceTree = "<group>"; };
		0F05CC6520B0598200B0F0C9 /* network_cudnn.cu */ = {isa = PBXFileReference; fileEncoding = 4; lastKnownFileType = text; path = network_cudnn.cu; sourceTree = "<group>"; };
		0F05CC6620B0598200B0F0C9 /* network.h */ = {isa = PBXFileReference; fileEncoding = 4; lastKnownFileType = sourcecode.c.h; path = network.h; sourceTree = "<group>"; };
		0F05CC7020B05A0400B0F0C9 /* node.h */ = {isa = PBXFileReference; fileEncoding = 4; lastKnownFileType = sourcecode.c.h; path = node.h; sourceTree = "<group>"; };
		0F05CC7120B05A0400B0F0C9 /* node.cc */ = {isa = PBXFileReference; fileEncoding = 4; lastKnownFileType = sourcecode.cpp.cpp; path = node.cc; sourceTree = "<group>"; };
		0F05CC7220B05A0400B0F0C9 /* search.cc */ = {isa = PBXFileReference; fileEncoding = 4; lastKnownFileType = sourcecode.cpp.cpp; path = search.cc; sourceTree = "<group>"; };
		0F05CC7320B05A0400B0F0C9 /* search.h */ = {isa = PBXFileReference; fileEncoding = 4; lastKnownFileType = sourcecode.c.h; path = search.h; sourceTree = "<group>"; };
		0F05CC7720B05A4500B0F0C9 /* loop.h */ = {isa = PBXFileReference; fileEncoding = 4; lastKnownFileType = sourcecode.c.h; path = loop.h; sourceTree = "<group>"; };
		0F05CC7820B05A4500B0F0C9 /* loop.cc */ = {isa = PBXFileReference; fileEncoding = 4; lastKnownFileType = sourcecode.cpp.cpp; path = loop.cc; sourceTree = "<group>"; };
		0F05CC7920B05A4500B0F0C9 /* tournament.cc */ = {isa = PBXFileReference; fileEncoding = 4; lastKnownFileType = sourcecode.cpp.cpp; path = tournament.cc; sourceTree = "<group>"; };
		0F05CC7A20B05A4500B0F0C9 /* tournament.h */ = {isa = PBXFileReference; fileEncoding = 4; lastKnownFileType = sourcecode.c.h; path = tournament.h; sourceTree = "<group>"; };
		0F05CC7B20B05A4500B0F0C9 /* game.cc */ = {isa = PBXFileReference; fileEncoding = 4; lastKnownFileType = sourcecode.cpp.cpp; path = game.cc; sourceTree = "<group>"; };
		0F05CC7C20B05A4500B0F0C9 /* game.h */ = {isa = PBXFileReference; fileEncoding = 4; lastKnownFileType = sourcecode.c.h; path = game.h; sourceTree = "<group>"; };
		0F05CC8020B05BE800B0F0C9 /* network_opencl.cc */ = {isa = PBXFileReference; lastKnownFileType = sourcecode.cpp.cpp; path = network_opencl.cc; sourceTree = "<group>"; };
		0F05CC8520B0A17400B0F0C9 /* OpenCL.cc */ = {isa = PBXFileReference; fileEncoding = 4; lastKnownFileType = sourcecode.cpp.cpp; path = OpenCL.cc; sourceTree = "<group>"; };
		0F05CC8620B0A17400B0F0C9 /* OpenCL.h */ = {isa = PBXFileReference; fileEncoding = 4; lastKnownFileType = sourcecode.c.h; path = OpenCL.h; sourceTree = "<group>"; };
		0F05CC8920B0A39800B0F0C9 /* cl2.hpp */ = {isa = PBXFileReference; fileEncoding = 4; lastKnownFileType = sourcecode.cpp.h; path = cl2.hpp; sourceTree = "<group>"; };
		0F05CC8A20B0A76B00B0F0C9 /* OpenCLUtils.cc */ = {isa = PBXFileReference; fileEncoding = 4; lastKnownFileType = sourcecode.cpp.cpp; path = OpenCLUtils.cc; sourceTree = "<group>"; };
		0F05CC8C20B0A76B00B0F0C9 /* OpenCLUtils.h */ = {isa = PBXFileReference; fileEncoding = 4; lastKnownFileType = sourcecode.c.h; path = OpenCLUtils.h; sourceTree = "<group>"; };
		0F05CC8E20B0AAC800B0F0C9 /* OpenCLTuner.h */ = {isa = PBXFileReference; fileEncoding = 4; lastKnownFileType = sourcecode.c.h; path = OpenCLTuner.h; sourceTree = "<group>"; };
		0F05CC8F20B0AAC800B0F0C9 /* OpenCLTuner.cc */ = {isa = PBXFileReference; fileEncoding = 4; lastKnownFileType = sourcecode.cpp.cpp; path = OpenCLTuner.cc; sourceTree = "<group>"; };
		0F05CC9120B0AF7000B0F0C9 /* OpenCLParams.h */ = {isa = PBXFileReference; lastKnownFileType = sourcecode.c.h; path = OpenCLParams.h; sourceTree = "<group>"; };
		0F05CC9620B0B42700B0F0C9 /* OpenCL.framework */ = {isa = PBXFileReference; lastKnownFileType = wrapper.framework; name = OpenCL.framework; path = System/Library/Frameworks/OpenCL.framework; sourceTree = SDKROOT; };
		0F05CC9820B0B5D000B0F0C9 /* Accelerate.framework */ = {isa = PBXFileReference; lastKnownFileType = wrapper.framework; name = Accelerate.framework; path = System/Library/Frameworks/Accelerate.framework; sourceTree = SDKROOT; };
		0F05CC9D20B0B8E000B0F0C9 /* OpenCLThreadPool.h */ = {isa = PBXFileReference; fileEncoding = 4; lastKnownFileType = sourcecode.c.h; path = OpenCLThreadPool.h; sourceTree = "<group>"; };
		0F31155320B750A3004F3847 /* libz.tbd */ = {isa = PBXFileReference; lastKnownFileType = "sourcecode.text-based-dylib-definition"; name = libz.tbd; path = usr/lib/libz.tbd; sourceTree = SDKROOT; };
		0F6B309A20B042D400990C71 /* lc0 */ = {isa = PBXFileReference; explicitFileType = "compiled.mach-o.executable"; includeInIndex = 0; path = lc0; sourceTree = BUILT_PRODUCTS_DIR; };
		0F6B309D20B042D400990C71 /* main.cc */ = {isa = PBXFileReference; lastKnownFileType = sourcecode.cpp.cpp; path = main.cc; sourceTree = "<group>"; };
		0F6B30A520B0448300990C71 /* analyzer.h */ = {isa = PBXFileReference; explicitFileType = sourcecode.c.h; path = analyzer.h; sourceTree = "<group>"; };
		0F6B30AF20B04FBB00990C71 /* table.h */ = {isa = PBXFileReference; explicitFileType = sourcecode.c.h; path = table.h; sourceTree = "<group>"; };
/* End PBXFileReference section */

/* Begin PBXFrameworksBuildPhase section */
		0F6B309720B042D400990C71 /* Frameworks */ = {
			isa = PBXFrameworksBuildPhase;
			buildActionMask = 2147483647;
			files = (
				0F31155420B750A3004F3847 /* libz.tbd in Frameworks */,
				0F05CC9920B0B5D000B0F0C9 /* Accelerate.framework in Frameworks */,
				0F05CC9720B0B42700B0F0C9 /* OpenCL.framework in Frameworks */,
			);
			runOnlyForDeploymentPostprocessing = 0;
		};
/* End PBXFrameworksBuildPhase section */

/* Begin PBXGroup section */
		0F05CC2020B0564E00B0F0C9 /* utils */ = {
			isa = PBXGroup;
			children = (
				0F05CC4120B0591300B0F0C9 /* bititer.h */,
				0F05CC4920B0591400B0F0C9 /* cache-old.h */,
				0F05CC4B20B0591400B0F0C9 /* cache.h */,
				0F05CC3C20B0591300B0F0C9 /* commandline.h */,
				0F05CC4020B0591300B0F0C9 /* cppattributes.h */,
				0F05CC4320B0591300B0F0C9 /* exception.h */,
				0F05CC4E20B0591400B0F0C9 /* filesystem.h */,
				0F05CC3B20B0591300B0F0C9 /* filesystem.posix.cc */,
				0F05CC3E20B0591300B0F0C9 /* hashcat.h */,
				0F05CC4220B0591300B0F0C9 /* mutex.h */,
				0F05CC4520B0591300B0F0C9 /* optional.h */,
				0F05CC3F20B0591300B0F0C9 /* optionsdict.cc */,
				0F05CC4620B0591300B0F0C9 /* optionsdict.h */,
				0F05CC4C20B0591400B0F0C9 /* optionsparser.cc */,
				0F05CC4D20B0591400B0F0C9 /* optionsparser.h */,
				0F05CC4F20B0591400B0F0C9 /* random.h */,
				0F05CC4720B0591300B0F0C9 /* smallarray.h */,
				0F05CC4820B0591300B0F0C9 /* string.cc */,
				0F05CC3A20B0591300B0F0C9 /* string.h */,
				0F05CC4A20B0591400B0F0C9 /* transpose.cc */,
				0F05CC2920B0576500B0F0C9 /* transpose.h */,
				0F05CC2320B056DA00B0F0C9 /* commandline.cc */,
				0F05CC2120B056A000B0F0C9 /* random.cc */,
			);
			path = utils;
			sourceTree = "<group>";
		};
		0F05CC2A20B0578C00B0F0C9 /* chess */ = {
			isa = PBXGroup;
			children = (
				0F05CC3120B057A600B0F0C9 /* bitboard.cc */,
				0F05CC2F20B057A600B0F0C9 /* bitboard.h */,
				0F05CC3220B057A600B0F0C9 /* board.cc */,
				0F05CC3020B057A600B0F0C9 /* board.h */,
				0F05CC2C20B057A600B0F0C9 /* callbacks.h */,
				0F05CC2E20B057A600B0F0C9 /* position.cc */,
				0F05CC3420B057A600B0F0C9 /* position.h */,
				0F05CC2B20B057A500B0F0C9 /* uciloop.cc */,
				0F05CC2D20B057A600B0F0C9 /* uciloop.h */,
			);
			path = chess;
			sourceTree = "<group>";
		};
		0F05CC5720B0596A00B0F0C9 /* neural */ = {
			isa = PBXGroup;
			children = (
				0F05CC8820B0A38500B0F0C9 /* CL */,
				0F05CC6320B0598200B0F0C9 /* cache.cc */,
				0F05CC5820B0598200B0F0C9 /* cache.h */,
				0F05CC5D20B0598200B0F0C9 /* encoder.cc */,
				0F05CC5A20B0598200B0F0C9 /* encoder.h */,
				0F05CC6120B0598200B0F0C9 /* factory.cc */,
				0F05CC6020B0598200B0F0C9 /* factory.h */,
				0F05CC5B20B0598200B0F0C9 /* loader.cc */,
				0F05CC5E20B0598200B0F0C9 /* loader.h */,
				0F05CC6520B0598200B0F0C9 /* network_cudnn.cu */,
				0F05CC8020B05BE800B0F0C9 /* network_opencl.cc */,
				0F05CC5F20B0598200B0F0C9 /* network_mux.cc */,
				0F05CC6220B0598200B0F0C9 /* network_random.cc */,
				0F05CC6620B0598200B0F0C9 /* network.h */,
				0F05CC5920B0598200B0F0C9 /* writer.cc */,
				0F05CC6420B0598200B0F0C9 /* writer.h */,
			);
			path = neural;
			sourceTree = "<group>";
		};
		0F05CC6F20B059CD00B0F0C9 /* mcts */ = {
			isa = PBXGroup;
			children = (
				0F05CC7120B05A0400B0F0C9 /* node.cc */,
				0F05CC7020B05A0400B0F0C9 /* node.h */,
				0F05CC7220B05A0400B0F0C9 /* search.cc */,
				0F05CC7320B05A0400B0F0C9 /* search.h */,
			);
			path = mcts;
			sourceTree = "<group>";
		};
		0F05CC7620B05A2B00B0F0C9 /* selfplay */ = {
			isa = PBXGroup;
			children = (
				0F05CC7B20B05A4500B0F0C9 /* game.cc */,
				0F05CC7C20B05A4500B0F0C9 /* game.h */,
				0F05CC7820B05A4500B0F0C9 /* loop.cc */,
				0F05CC7720B05A4500B0F0C9 /* loop.h */,
				0F05CC7920B05A4500B0F0C9 /* tournament.cc */,
				0F05CC7A20B05A4500B0F0C9 /* tournament.h */,
			);
			path = selfplay;
			sourceTree = "<group>";
		};
		0F05CC8820B0A38500B0F0C9 /* CL */ = {
			isa = PBXGroup;
			children = (
				0F05CC8F20B0AAC800B0F0C9 /* OpenCLTuner.cc */,
				0F05CC8E20B0AAC800B0F0C9 /* OpenCLTuner.h */,
				0F05CC8520B0A17400B0F0C9 /* OpenCL.cc */,
				0F05CC8620B0A17400B0F0C9 /* OpenCL.h */,
				0F05CC8A20B0A76B00B0F0C9 /* OpenCLUtils.cc */,
				0F05CC8C20B0A76B00B0F0C9 /* OpenCLUtils.h */,
				0F05CC9D20B0B8E000B0F0C9 /* OpenCLThreadPool.h */,
				0F05CC9120B0AF7000B0F0C9 /* OpenCLParams.h */,
				0F05CC8920B0A39800B0F0C9 /* cl2.hpp */,
			);
			path = CL;
			sourceTree = "<group>";
		};
		0F05CC9520B0B42700B0F0C9 /* Frameworks */ = {
			isa = PBXGroup;
			children = (
				0F31155320B750A3004F3847 /* libz.tbd */,
				0F05CC9820B0B5D000B0F0C9 /* Accelerate.framework */,
				0F05CC9620B0B42700B0F0C9 /* OpenCL.framework */,
			);
			name = Frameworks;
			sourceTree = "<group>";
		};
		0F6B309120B042D400990C71 = {
			isa = PBXGroup;
			children = (
				0F6B309C20B042D400990C71 /* src */,
				0F6B309B20B042D400990C71 /* Products */,
				0F05CC9520B0B42700B0F0C9 /* Frameworks */,
			);
			sourceTree = "<group>";
		};
		0F6B309B20B042D400990C71 /* Products */ = {
			isa = PBXGroup;
			children = (
				0F6B309A20B042D400990C71 /* lc0 */,
			);
			name = Products;
			sourceTree = "<group>";
		};
		0F6B309C20B042D400990C71 /* src */ = {
			isa = PBXGroup;
			children = (
				0F05CC7620B05A2B00B0F0C9 /* selfplay */,
				0F05CC6F20B059CD00B0F0C9 /* mcts */,
				0F05CC5720B0596A00B0F0C9 /* neural */,
				0F05CC2A20B0578C00B0F0C9 /* chess */,
				0F05CC2020B0564E00B0F0C9 /* utils */,
				0F6B30A420B0442B00990C71 /* analyser */,
				0F6B309D20B042D400990C71 /* main.cc */,
				0F05CC1B20B0545C00B0F0C9 /* engine.cc */,
			);
			path = src;
			sourceTree = "<group>";
		};
		0F6B30A420B0442B00990C71 /* analyser */ = {
			isa = PBXGroup;
			children = (
				0F05CC2520B0573600B0F0C9 /* analyzer.cc */,
				0F05CC2620B0573600B0F0C9 /* table.cc */,
				0F6B30A520B0448300990C71 /* analyzer.h */,
				0F6B30AF20B04FBB00990C71 /* table.h */,
			);
			name = analyser;
			path = analyzer;
			sourceTree = "<group>";
		};
/* End PBXGroup section */

/* Begin PBXNativeTarget section */
		0F6B309920B042D400990C71 /* lc0 */ = {
			isa = PBXNativeTarget;
			buildConfigurationList = 0F6B30A120B042D400990C71 /* Build configuration list for PBXNativeTarget "lc0" */;
			buildPhases = (
				0F6B309620B042D400990C71 /* Sources */,
				0F6B309720B042D400990C71 /* Frameworks */,
				0F6B309820B042D400990C71 /* CopyFiles */,
			);
			buildRules = (
			);
			dependencies = (
			);
			name = lc0;
			productName = lc0;
			productReference = 0F6B309A20B042D400990C71 /* lc0 */;
			productType = "com.apple.product-type.tool";
		};
/* End PBXNativeTarget section */

/* Begin PBXProject section */
		0F6B309220B042D400990C71 /* Project object */ = {
			isa = PBXProject;
			attributes = {
				LastUpgradeCheck = 0920;
				ORGANIZATIONNAME = "François";
				TargetAttributes = {
					0F6B309920B042D400990C71 = {
						CreatedOnToolsVersion = 9.2;
						ProvisioningStyle = Automatic;
					};
				};
			};
			buildConfigurationList = 0F6B309520B042D400990C71 /* Build configuration list for PBXProject "lc0" */;
			compatibilityVersion = "Xcode 8.0";
			developmentRegion = en;
			hasScannedForEncodings = 0;
			knownRegions = (
				en,
			);
			mainGroup = 0F6B309120B042D400990C71;
			productRefGroup = 0F6B309B20B042D400990C71 /* Products */;
			projectDirPath = "";
			projectRoot = "";
			targets = (
				0F6B309920B042D400990C71 /* lc0 */,
			);
		};
/* End PBXProject section */

/* Begin PBXSourcesBuildPhase section */
		0F6B309620B042D400990C71 /* Sources */ = {
			isa = PBXSourcesBuildPhase;
			buildActionMask = 2147483647;
			files = (
				0F05CC7F20B05A4600B0F0C9 /* game.cc in Sources */,
				0F05CC8220B05BE800B0F0C9 /* network_opencl.cc in Sources */,
				0F05CC6C20B0598300B0F0C9 /* factory.cc in Sources */,
				0F05CC8720B0A17400B0F0C9 /* OpenCL.cc in Sources */,
				0F05CC5220B0591400B0F0C9 /* optionsdict.cc in Sources */,
				0F05CC5620B0591400B0F0C9 /* optionsparser.cc in Sources */,
				0F05CC3820B057A600B0F0C9 /* board.cc in Sources */,
				0F05CC5020B0591400B0F0C9 /* filesystem.posix.cc in Sources */,
				0F05CC6D20B0598300B0F0C9 /* network_random.cc in Sources */,
				0F6B309E20B042D400990C71 /* main.cc in Sources */,
				0F05CC2420B056DA00B0F0C9 /* commandline.cc in Sources */,
				0F05CC6E20B0598300B0F0C9 /* cache.cc in Sources */,
				0F05CC2820B0573600B0F0C9 /* table.cc in Sources */,
				0F05CC6820B0598300B0F0C9 /* loader.cc in Sources */,
				0F05CC2720B0573600B0F0C9 /* analyzer.cc in Sources */,
				0F05CC7E20B05A4600B0F0C9 /* tournament.cc in Sources */,
				0F05CC5420B0591400B0F0C9 /* string.cc in Sources */,
				0F05CC7D20B05A4600B0F0C9 /* loop.cc in Sources */,
				0F05CC3620B057A600B0F0C9 /* position.cc in Sources */,
				0F05CC6720B0598300B0F0C9 /* writer.cc in Sources */,
				0F05CC2220B056A000B0F0C9 /* random.cc in Sources */,
				0F05CC3720B057A600B0F0C9 /* bitboard.cc in Sources */,
				0F05CC1C20B0545C00B0F0C9 /* engine.cc in Sources */,
				0F05CC3520B057A600B0F0C9 /* uciloop.cc in Sources */,
				0F05CC7520B05A0400B0F0C9 /* search.cc in Sources */,
				0F05CC8D20B0A76B00B0F0C9 /* OpenCLUtils.cc in Sources */,
				0F05CC6B20B0598300B0F0C9 /* network_mux.cc in Sources */,
				0F05CC6A20B0598300B0F0C9 /* encoder.cc in Sources */,
				0F05CC5520B0591400B0F0C9 /* transpose.cc in Sources */,
				0F05CC9020B0AAC800B0F0C9 /* OpenCLTuner.cc in Sources */,
				0F05CC7420B05A0400B0F0C9 /* node.cc in Sources */,
			);
			runOnlyForDeploymentPostprocessing = 0;
		};
/* End PBXSourcesBuildPhase section */

/* Begin XCBuildConfiguration section */
		0F6B309F20B042D400990C71 /* Debug */ = {
			isa = XCBuildConfiguration;
			buildSettings = {
				ALWAYS_SEARCH_USER_PATHS = NO;
				CLANG_ANALYZER_NONNULL = YES;
				CLANG_ANALYZER_NUMBER_OBJECT_CONVERSION = YES_AGGRESSIVE;
				CLANG_CXX_LANGUAGE_STANDARD = "gnu++14";
				CLANG_CXX_LIBRARY = "libc++";
				CLANG_ENABLE_MODULES = YES;
				CLANG_ENABLE_OBJC_ARC = YES;
				CLANG_WARN_BLOCK_CAPTURE_AUTORELEASING = YES;
				CLANG_WARN_BOOL_CONVERSION = YES;
				CLANG_WARN_COMMA = YES;
				CLANG_WARN_CONSTANT_CONVERSION = YES;
				CLANG_WARN_DIRECT_OBJC_ISA_USAGE = YES_ERROR;
				CLANG_WARN_DOCUMENTATION_COMMENTS = YES;
				CLANG_WARN_EMPTY_BODY = YES;
				CLANG_WARN_ENUM_CONVERSION = YES;
				CLANG_WARN_INFINITE_RECURSION = YES;
				CLANG_WARN_INT_CONVERSION = YES;
				CLANG_WARN_NON_LITERAL_NULL_CONVERSION = YES;
				CLANG_WARN_OBJC_LITERAL_CONVERSION = YES;
				CLANG_WARN_OBJC_ROOT_CLASS = YES_ERROR;
				CLANG_WARN_RANGE_LOOP_ANALYSIS = YES;
				CLANG_WARN_STRICT_PROTOTYPES = YES;
				CLANG_WARN_SUSPICIOUS_MOVE = YES;
				CLANG_WARN_UNGUARDED_AVAILABILITY = YES_AGGRESSIVE;
				CLANG_WARN_UNREACHABLE_CODE = YES;
				CLANG_WARN__DUPLICATE_METHOD_MATCH = YES;
				CODE_SIGN_IDENTITY = "-";
				COPY_PHASE_STRIP = NO;
				DEBUG_INFORMATION_FORMAT = dwarf;
				ENABLE_STRICT_OBJC_MSGSEND = YES;
				ENABLE_TESTABILITY = YES;
				GCC_C_LANGUAGE_STANDARD = gnu11;
				GCC_DYNAMIC_NO_PIC = NO;
				GCC_NO_COMMON_BLOCKS = YES;
				GCC_OPTIMIZATION_LEVEL = 0;
				GCC_PREPROCESSOR_DEFINITIONS = (
					"DEBUG=1",
					"$(inherited)",
				);
				GCC_WARN_64_TO_32_BIT_CONVERSION = YES;
				GCC_WARN_ABOUT_RETURN_TYPE = YES_ERROR;
				GCC_WARN_UNDECLARED_SELECTOR = YES;
				GCC_WARN_UNINITIALIZED_AUTOS = YES_AGGRESSIVE;
				GCC_WARN_UNUSED_FUNCTION = YES;
				GCC_WARN_UNUSED_VARIABLE = YES;
				HEADER_SEARCH_PATHS = "";
				MACOSX_DEPLOYMENT_TARGET = 10.12;
				MTL_ENABLE_DEBUG_INFO = YES;
				ONLY_ACTIVE_ARCH = YES;
				SDKROOT = macosx;
				USER_HEADER_SEARCH_PATHS = "$(SRCROOT)/src";
			};
			name = Debug;
		};
		0F6B30A020B042D400990C71 /* Release */ = {
			isa = XCBuildConfiguration;
			buildSettings = {
				ALWAYS_SEARCH_USER_PATHS = NO;
				CLANG_ANALYZER_NONNULL = YES;
				CLANG_ANALYZER_NUMBER_OBJECT_CONVERSION = YES_AGGRESSIVE;
				CLANG_CXX_LANGUAGE_STANDARD = "gnu++14";
				CLANG_CXX_LIBRARY = "libc++";
				CLANG_ENABLE_MODULES = YES;
				CLANG_ENABLE_OBJC_ARC = YES;
				CLANG_WARN_BLOCK_CAPTURE_AUTORELEASING = YES;
				CLANG_WARN_BOOL_CONVERSION = YES;
				CLANG_WARN_COMMA = YES;
				CLANG_WARN_CONSTANT_CONVERSION = YES;
				CLANG_WARN_DIRECT_OBJC_ISA_USAGE = YES_ERROR;
				CLANG_WARN_DOCUMENTATION_COMMENTS = YES;
				CLANG_WARN_EMPTY_BODY = YES;
				CLANG_WARN_ENUM_CONVERSION = YES;
				CLANG_WARN_INFINITE_RECURSION = YES;
				CLANG_WARN_INT_CONVERSION = YES;
				CLANG_WARN_NON_LITERAL_NULL_CONVERSION = YES;
				CLANG_WARN_OBJC_LITERAL_CONVERSION = YES;
				CLANG_WARN_OBJC_ROOT_CLASS = YES_ERROR;
				CLANG_WARN_RANGE_LOOP_ANALYSIS = YES;
				CLANG_WARN_STRICT_PROTOTYPES = YES;
				CLANG_WARN_SUSPICIOUS_MOVE = YES;
				CLANG_WARN_UNGUARDED_AVAILABILITY = YES_AGGRESSIVE;
				CLANG_WARN_UNREACHABLE_CODE = YES;
				CLANG_WARN__DUPLICATE_METHOD_MATCH = YES;
				CODE_SIGN_IDENTITY = "-";
				COPY_PHASE_STRIP = NO;
				DEBUG_INFORMATION_FORMAT = "dwarf-with-dsym";
				ENABLE_NS_ASSERTIONS = NO;
				ENABLE_STRICT_OBJC_MSGSEND = YES;
				GCC_C_LANGUAGE_STANDARD = gnu11;
				GCC_NO_COMMON_BLOCKS = YES;
				GCC_WARN_64_TO_32_BIT_CONVERSION = YES;
				GCC_WARN_ABOUT_RETURN_TYPE = YES_ERROR;
				GCC_WARN_UNDECLARED_SELECTOR = YES;
				GCC_WARN_UNINITIALIZED_AUTOS = YES_AGGRESSIVE;
				GCC_WARN_UNUSED_FUNCTION = YES;
				GCC_WARN_UNUSED_VARIABLE = YES;
				HEADER_SEARCH_PATHS = "";
				MACOSX_DEPLOYMENT_TARGET = 10.12;
				MTL_ENABLE_DEBUG_INFO = NO;
				SDKROOT = macosx;
				USER_HEADER_SEARCH_PATHS = "$(SRCROOT)/src";
			};
			name = Release;
		};
		0F6B30A220B042D400990C71 /* Debug */ = {
			isa = XCBuildConfiguration;
			buildSettings = {
				ALWAYS_SEARCH_USER_PATHS = NO;
				CODE_SIGN_STYLE = Automatic;
				HEADER_SEARCH_PATHS = "";
				OTHER_LDFLAGS = "";
				PRODUCT_NAME = "$(TARGET_NAME)";
				SYSTEM_HEADER_SEARCH_PATHS = /usr/local/include;
				USER_HEADER_SEARCH_PATHS = "$(SRCROOT) $(SRCROOT)/src";
			};
			name = Debug;
		};
		0F6B30A320B042D400990C71 /* Release */ = {
			isa = XCBuildConfiguration;
			buildSettings = {
				ALWAYS_SEARCH_USER_PATHS = NO;
				CODE_SIGN_STYLE = Automatic;
				HEADER_SEARCH_PATHS = "";
				OTHER_LDFLAGS = "";
				PRODUCT_NAME = "$(TARGET_NAME)";
				SYSTEM_HEADER_SEARCH_PATHS = /usr/local/include;
				USER_HEADER_SEARCH_PATHS = "$(SRCROOT) $(SRCROOT)/src";
			};
			name = Release;
		};
/* End XCBuildConfiguration section */

/* Begin XCConfigurationList section */
		0F6B309520B042D400990C71 /* Build configuration list for PBXProject "lc0" */ = {
			isa = XCConfigurationList;
			buildConfigurations = (
				0F6B309F20B042D400990C71 /* Debug */,
				0F6B30A020B042D400990C71 /* Release */,
			);
			defaultConfigurationIsVisible = 0;
			defaultConfigurationName = Release;
		};
		0F6B30A120B042D400990C71 /* Build configuration list for PBXNativeTarget "lc0" */ = {
			isa = XCConfigurationList;
			buildConfigurations = (
				0F6B30A220B042D400990C71 /* Debug */,
				0F6B30A320B042D400990C71 /* Release */,
			);
			defaultConfigurationIsVisible = 0;
			defaultConfigurationName = Release;
		};
/* End XCConfigurationList section */
	};
	rootObject = 0F6B309220B042D400990C71 /* Project object */;
}
